Microsoft Visual Studio Solution File, Format Version 12.00
# Visual Studio Version 17
VisualStudioVersion = 17.0.31903.59
MinimumVisualStudioVersion = 10.0.40219.1
Project("{FAE04EC0-301F-11D3-BF4B-00C04F79EFBC}") = "interactive-learning.Api", "CSharpInteractive.Api\CSharpInteractive.Api.csproj", "{9A25B16F-4088-4A4F-8F53-1386AA166AF8}"
EndProject
Project("{FAE04EC0-301F-11D3-BF4B-00C04F79EFBC}") = "interactive-learning.Api.Tests", "CSharpInteractive.Api.Tests\CSharpInteractive.Api.Tests.csproj", "{0D7C0BC4-3859-4297-A856-4C58C3EB6117}"
EndProject
Global
	GlobalSection(SolutionConfigurationPlatforms) = preSolution
		Debug|Any CPU = Debug|Any CPU
		Release|Any CPU = Release|Any CPU
	EndGlobalSection
	GlobalSection(ProjectConfigurationPlatforms) = postSolution
		{9A25B16F-4088-4A4F-8F53-1386AA166AF8}.Debug|Any CPU.ActiveCfg = Debug|Any CPU
		{9A25B16F-4088-4A4F-8F53-1386AA166AF8}.Debug|Any CPU.Build.0 = Debug|Any CPU
		{9A25B16F-4088-4A4F-8F53-1386AA166AF8}.Release|Any CPU.ActiveCfg = Release|Any CPU
		{9A25B16F-4088-4A4F-8F53-1386AA166AF8}.Release|Any CPU.Build.0 = Release|Any CPU
		{0D7C0BC4-3859-4297-A856-4C58C3EB6117}.Debug|Any CPU.ActiveCfg = Debug|Any CPU
		{0D7C0BC4-3859-4297-A856-4C58C3EB6117}.Debug|Any CPU.Build.0 = Debug|Any CPU
		{0D7C0BC4-3859-4297-A856-4C58C3EB6117}.Release|Any CPU.ActiveCfg = Release|Any CPU
		{0D7C0BC4-3859-4297-A856-4C58C3EB6117}.Release|Any CPU.Build.0 = Release|Any CPU
	EndGlobalSection
EndGlobal
